// !$*UTF8*$!
{
	archiveVersion = 1;
	classes = {
	};
	objectVersion = 77;
	objects = {

/* Begin PBXBuildFile section */
		379CD7492F1C9D9C00FA39A4 /* FirebaseAnalytics in Frameworks */ = {isa = PBXBuildFile; productRef = 379CD7482F1C9D9C00FA39A4 /* FirebaseAnalytics */; };
		379CD74B2F1C9D9C00FA39A4 /* FirebaseAuth in Frameworks */ = {isa = PBXBuildFile; productRef = 379CD74A2F1C9D9C00FA39A4 /* FirebaseAuth */; };
		379CD74D2F1C9D9C00FA39A4 /* FirebaseCrashlytics in Frameworks */ = {isa = PBXBuildFile; productRef = 379CD74C2F1C9D9C00FA39A4 /* FirebaseCrashlytics */; };
		379CD74F2F1C9D9C00FA39A4 /* FirebaseFirestore in Frameworks */ = {isa = PBXBuildFile; productRef = 379CD74E2F1C9D9C00FA39A4 /* FirebaseFirestore */; };
		379CD7512F1C9D9C00FA39A4 /* FirebaseMessaging in Frameworks */ = {isa = PBXBuildFile; productRef = 379CD7502F1C9D9C00FA39A4 /* FirebaseMessaging */; };
		379CD7532F1C9D9C00FA39A4 /* FirebaseStorage in Frameworks */ = {isa = PBXBuildFile; productRef = 379CD7522F1C9D9C00FA39A4 /* FirebaseStorage */; };
/* End PBXBuildFile section */

/* Begin PBXContainerItemProxy section */
		379CD6B12F1C137F00FA39A4 /* PBXContainerItemProxy */ = {
			isa = PBXContainerItemProxy;
			containerPortal = 379CD69B2F1C137D00FA39A4 /* Project object */;
			proxyType = 1;
			remoteGlobalIDString = 379CD6A22F1C137D00FA39A4;
			remoteInfo = BabySync;
		};
		379CD6BB2F1C137F00FA39A4 /* PBXContainerItemProxy */ = {
			isa = PBXContainerItemProxy;
			containerPortal = 379CD69B2F1C137D00FA39A4 /* Project object */;
			proxyType = 1;
			remoteGlobalIDString = 379CD6A22F1C137D00FA39A4;
			remoteInfo = BabySync;
		};
/* End PBXContainerItemProxy section */

/* Begin PBXFileReference section */
		379CD6A32F1C137D00FA39A4 /* BabySync.app */ = {isa = PBXFileReference; explicitFileType = wrapper.application; includeInIndex = 0; path = BabySync.app; sourceTree = BUILT_PRODUCTS_DIR; };
		379CD6B02F1C137F00FA39A4 /* BabySyncTests.xctest */ = {isa = PBXFileReference; explicitFileType = wrapper.cfbundle; includeInIndex = 0; path = BabySyncTests.xctest; sourceTree = BUILT_PRODUCTS_DIR; };
		379CD6BA2F1C137F00FA39A4 /* BabySyncUITests.xctest */ = {isa = PBXFileReference; explicitFileType = wrapper.cfbundle; includeInIndex = 0; path = BabySyncUITests.xctest; sourceTree = BUILT_PRODUCTS_DIR; };
/* End PBXFileReference section */

/* Begin PBXFileSystemSynchronizedRootGroup section */
		379CD6A52F1C137D00FA39A4 /* BabySync */ = {
			isa = PBXFileSystemSynchronizedRootGroup;
			path = BabySync;
			sourceTree = "<group>";
		};
		379CD6B32F1C137F00FA39A4 /* BabySyncTests */ = {
			isa = PBXFileSystemSynchronizedRootGroup;
			path = BabySyncTests;
			sourceTree = "<group>";
		};
		379CD6BD2F1C137F00FA39A4 /* BabySyncUITests */ = {
			isa = PBXFileSystemSynchronizedRootGroup;
			path = BabySyncUITests;
			sourceTree = "<group>";
		};
/* End PBXFileSystemSynchronizedRootGroup section */

/* Begin PBXFrameworksBuildPhase section */
		379CD6A02F1C137D00FA39A4 /* Frameworks */ = {
			isa = PBXFrameworksBuildPhase;
			buildActionMask = 2147483647;
			files = (
				379CD74D2F1C9D9C00FA39A4 /* FirebaseCrashlytics in Frameworks */,
				379CD74F2F1C9D9C00FA39A4 /* FirebaseFirestore in Frameworks */,
				379CD7512F1C9D9C00FA39A4 /* FirebaseMessaging in Frameworks */,
				379CD7492F1C9D9C00FA39A4 /* FirebaseAnalytics in Frameworks */,
				379CD74B2F1C9D9C00FA39A4 /* FirebaseAuth in Frameworks */,
				379CD7532F1C9D9C00FA39A4 /* FirebaseStorage in Frameworks */,
			);
			runOnlyForDeploymentPostprocessing = 0;
		};
		379CD6AD2F1C137F00FA39A4 /* Frameworks */ = {
			isa = PBXFrameworksBuildPhase;
			buildActionMask = 2147483647;
			files = (
			);
			runOnlyForDeploymentPostprocessing = 0;
		};
		379CD6B72F1C137F00FA39A4 /* Frameworks */ = {
			isa = PBXFrameworksBuildPhase;
			buildActionMask = 2147483647;
			files = (
			);
			runOnlyForDeploymentPostprocessing = 0;
		};
/* End PBXFrameworksBuildPhase section */

/* Begin PBXGroup section */
		379CD69A2F1C137C00FA39A4 = {
			isa = PBXGroup;
			children = (
				379CD6A52F1C137D00FA39A4 /* BabySync */,
				379CD6B32F1C137F00FA39A4 /* BabySyncTests */,
				379CD6BD2F1C137F00FA39A4 /* BabySyncUITests */,
				379CD6A42F1C137D00FA39A4 /* Products */,
			);
			sourceTree = "<group>";
		};
		379CD6A42F1C137D00FA39A4 /* Products */ = {
			isa = PBXGroup;
			children = (
				379CD6A32F1C137D00FA39A4 /* BabySync.app */,
				379CD6B02F1C137F00FA39A4 /* BabySyncTests.xctest */,
				379CD6BA2F1C137F00FA39A4 /* BabySyncUITests.xctest */,
			);
			name = Products;
			sourceTree = "<group>";
		};
/* End PBXGroup section */

/* Begin PBXNativeTarget section */
		379CD6A22F1C137D00FA39A4 /* BabySync */ = {
			isa = PBXNativeTarget;
			buildConfigurationList = 379CD6C42F1C137F00FA39A4 /* Build configuration list for PBXNativeTarget "BabySync" */;
			buildPhases = (
				379CD69F2F1C137D00FA39A4 /* Sources */,
				379CD6A02F1C137D00FA39A4 /* Frameworks */,
				379CD6A12F1C137D00FA39A4 /* Resources */,
			);
			buildRules = (
			);
			dependencies = (
			);
			fileSystemSynchronizedGroups = (
				379CD6A52F1C137D00FA39A4 /* BabySync */,
			);
			name = BabySync;
			packageProductDependencies = (
				379CD7482F1C9D9C00FA39A4 /* FirebaseAnalytics */,
				379CD74A2F1C9D9C00FA39A4 /* FirebaseAuth */,
				379CD74C2F1C9D9C00FA39A4 /* FirebaseCrashlytics */,
				379CD74E2F1C9D9C00FA39A4 /* FirebaseFirestore */,
				379CD7502F1C9D9C00FA39A4 /* FirebaseMessaging */,
				379CD7522F1C9D9C00FA39A4 /* FirebaseStorage */,
			);
			productName = BabySync;
			productReference = 379CD6A32F1C137D00FA39A4 /* BabySync.app */;
			productType = "com.apple.product-type.application";
		};
		379CD6AF2F1C137F00FA39A4 /* BabySyncTests */ = {
			isa = PBXNativeTarget;
			buildConfigurationList = 379CD6C72F1C137F00FA39A4 /* Build configuration list for PBXNativeTarget "BabySyncTests" */;
			buildPhases = (
				379CD6AC2F1C137F00FA39A4 /* Sources */,
				379CD6AD2F1C137F00FA39A4 /* Frameworks */,
				379CD6AE2F1C137F00FA39A4 /* Resources */,
			);
			buildRules = (
			);
			dependencies = (
				379CD6B22F1C137F00FA39A4 /* PBXTargetDependency */,
			);
			fileSystemSynchronizedGroups = (
				379CD6B32F1C137F00FA39A4 /* BabySyncTests */,
			);
			name = BabySyncTests;
			packageProductDependencies = (
			);
			productName = BabySyncTests;
			productReference = 379CD6B02F1C137F00FA39A4 /* BabySyncTests.xctest */;
			productType = "com.apple.product-type.bundle.unit-test";
		};
		379CD6B92F1C137F00FA39A4 /* BabySyncUITests */ = {
			isa = PBXNativeTarget;
			buildConfigurationList = 379CD6CA2F1C137F00FA39A4 /* Build configuration list for PBXNativeTarget "BabySyncUITests" */;
			buildPhases = (
				379CD6B62F1C137F00FA39A4 /* Sources */,
				379CD6B72F1C137F00FA39A4 /* Frameworks */,
				379CD6B82F1C137F00FA39A4 /* Resources */,
			);
			buildRules = (
			);
			dependencies = (
				379CD6BC2F1C137F00FA39A4 /* PBXTargetDependency */,
			);
			fileSystemSynchronizedGroups = (
				379CD6BD2F1C137F00FA39A4 /* BabySyncUITests */,
			);
			name = BabySyncUITests;
			packageProductDependencies = (
			);
			productName = BabySyncUITests;
			productReference = 379CD6BA2F1C137F00FA39A4 /* BabySyncUITests.xctest */;
			productType = "com.apple.product-type.bundle.ui-testing";
		};
/* End PBXNativeTarget section */

/* Begin PBXProject section */
		379CD69B2F1C137D00FA39A4 /* Project object */ = {
			isa = PBXProject;
			attributes = {
				BuildIndependentTargetsInParallel = 1;
				LastSwiftUpdateCheck = 2620;
				LastUpgradeCheck = 2620;
				TargetAttributes = {
					379CD6A22F1C137D00FA39A4 = {
						CreatedOnToolsVersion = 26.2;
					};
					379CD6AF2F1C137F00FA39A4 = {
						CreatedOnToolsVersion = 26.2;
						TestTargetID = 379CD6A22F1C137D00FA39A4;
					};
					379CD6B92F1C137F00FA39A4 = {
						CreatedOnToolsVersion = 26.2;
						TestTargetID = 379CD6A22F1C137D00FA39A4;
					};
				};
			};
			buildConfigurationList = 379CD69E2F1C137D00FA39A4 /* Build configuration list for PBXProject "BabySync" */;
			developmentRegion = en;
			hasScannedForEncodings = 0;
			knownRegions = (
				en,
				Base,
			);
			mainGroup = 379CD69A2F1C137C00FA39A4;
			minimizedProjectReferenceProxies = 1;
			packageReferences = (
				379CD7472F1C9D9C00FA39A4 /* XCRemoteSwiftPackageReference "firebase-ios-sdk" */,
			);
			preferredProjectObjectVersion = 77;
			productRefGroup = 379CD6A42F1C137D00FA39A4 /* Products */;
			projectDirPath = "";
			projectRoot = "";
			targets = (
				379CD6A22F1C137D00FA39A4 /* BabySync */,
				379CD6AF2F1C137F00FA39A4 /* BabySyncTests */,
				379CD6B92F1C137F00FA39A4 /* BabySyncUITests */,
			);
		};
/* End PBXProject section */

/* Begin PBXResourcesBuildPhase section */
		379CD6A12F1C137D00FA39A4 /* Resources */ = {
			isa = PBXResourcesBuildPhase;
			buildActionMask = 2147483647;
			files = (
			);
			runOnlyForDeploymentPostprocessing = 0;
		};
		379CD6AE2F1C137F00FA39A4 /* Resources */ = {
			isa = PBXResourcesBuildPhase;
			buildActionMask = 2147483647;
			files = (
			);
			runOnlyForDeploymentPostprocessing = 0;
		};
		379CD6B82F1C137F00FA39A4 /* Resources */ = {
			isa = PBXResourcesBuildPhase;
			buildActionMask = 2147483647;
			files = (
			);
			runOnlyForDeploymentPostprocessing = 0;
		};
/* End PBXResourcesBuildPhase section */

/* Begin PBXSourcesBuildPhase section */
		379CD69F2F1C137D00FA39A4 /* Sources */ = {
			isa = PBXSourcesBuildPhase;
			buildActionMask = 2147483647;
			files = (
			);
			runOnlyForDeploymentPostprocessing = 0;
		};
		379CD6AC2F1C137F00FA39A4 /* Sources */ = {
			isa = PBXSourcesBuildPhase;
			buildActionMask = 2147483647;
			files = (
			);
			runOnlyForDeploymentPostprocessing = 0;
		};
		379CD6B62F1C137F00FA39A4 /* Sources */ = {
			isa = PBXSourcesBuildPhase;
			buildActionMask = 2147483647;
			files = (
			);
			runOnlyForDeploymentPostprocessing = 0;
		};
/* End PBXSourcesBuildPhase section */

/* Begin PBXTargetDependency section */
		379CD6B22F1C137F00FA39A4 /* PBXTargetDependency */ = {
			isa = PBXTargetDependency;
			target = 379CD6A22F1C137D00FA39A4 /* BabySync */;
			targetProxy = 379CD6B12F1C137F00FA39A4 /* PBXContainerItemProxy */;
		};
		379CD6BC2F1C137F00FA39A4 /* PBXTargetDependency */ = {
			isa = PBXTargetDependency;
			target = 379CD6A22F1C137D00FA39A4 /* BabySync */;
			targetProxy = 379CD6BB2F1C137F00FA39A4 /* PBXContainerItemProxy */;
		};
/* End PBXTargetDependency section */

/* Begin XCBuildConfiguration section */
		379CD6C22F1C137F00FA39A4 /* Debug */ = {
			isa = XCBuildConfiguration;
			buildSettings = {
				ALWAYS_SEARCH_USER_PATHS = NO;
				ASSETCATALOG_COMPILER_GENERATE_SWIFT_ASSET_SYMBOL_EXTENSIONS = YES;
				CLANG_ANALYZER_NONNULL = YES;
				CLANG_ANALYZER_NUMBER_OBJECT_CONVERSION = YES_AGGRESSIVE;
				CLANG_CXX_LANGUAGE_STANDARD = "gnu++20";
				CLANG_ENABLE_MODULES = YES;
				CLANG_ENABLE_OBJC_ARC = YES;
				CLANG_ENABLE_OBJC_WEAK = YES;
				CLANG_WARN_BLOCK_CAPTURE_AUTORELEASING = YES;
				CLANG_WARN_BOOL_CONVERSION = YES;
				CLANG_WARN_COMMA = YES;
				CLANG_WARN_CONSTANT_CONVERSION = YES;
				CLANG_WARN_DEPRECATED_OBJC_IMPLEMENTATIONS = YES;
				CLANG_WARN_DIRECT_OBJC_ISA_USAGE = YES_ERROR;
				CLANG_WARN_DOCUMENTATION_COMMENTS = YES;
				CLANG_WARN_EMPTY_BODY = YES;
				CLANG_WARN_ENUM_CONVERSION = YES;
				CLANG_WARN_INFINITE_RECURSION = YES;
				CLANG_WARN_INT_CONVERSION = YES;
				CLANG_WARN_NON_LITERAL_NULL_CONVERSION = YES;
				CLANG_WARN_OBJC_IMPLICIT_RETAIN_SELF = YES;
				CLANG_WARN_OBJC_LITERAL_CONVERSION = YES;
				CLANG_WARN_OBJC_ROOT_CLASS = YES_ERROR;
				CLANG_WARN_QUOTED_INCLUDE_IN_FRAMEWORK_HEADER = YES;
				CLANG_WARN_RANGE_LOOP_ANALYSIS = YES;
				CLANG_WARN_STRICT_PROTOTYPES = YES;
				CLANG_WARN_SUSPICIOUS_MOVE = YES;
				CLANG_WARN_UNGUARDED_AVAILABILITY = YES_AGGRESSIVE;
				CLANG_WARN_UNREACHABLE_CODE = YES;
				CLANG_WARN__DUPLICATE_METHOD_MATCH = YES;
				COPY_PHASE_STRIP = NO;
				DEBUG_INFORMATION_FORMAT = dwarf;
				DEVELOPMENT_TEAM = 9P9KHMPNFL;
				ENABLE_STRICT_OBJC_MSGSEND = YES;
				ENABLE_TESTABILITY = YES;
				ENABLE_USER_SCRIPT_SANDBOXING = YES;
				GCC_C_LANGUAGE_STANDARD = gnu17;
				GCC_DYNAMIC_NO_PIC = NO;
				GCC_NO_COMMON_BLOCKS = YES;
				GCC_OPTIMIZATION_LEVEL = 0;
				GCC_PREPROCESSOR_DEFINITIONS = (
					"DEBUG=1",
					"$(inherited)",
				);
				GCC_WARN_64_TO_32_BIT_CONVERSION = YES;
				GCC_WARN_ABOUT_RETURN_TYPE = YES_ERROR;
				GCC_WARN_UNDECLARED_SELECTOR = YES;
				GCC_WARN_UNINITIALIZED_AUTOS = YES_AGGRESSIVE;
				GCC_WARN_UNUSED_FUNCTION = YES;
				GCC_WARN_UNUSED_VARIABLE = YES;
				IPHONEOS_DEPLOYMENT_TARGET = 26.2;
				LOCALIZATION_PREFERS_STRING_CATALOGS = YES;
				MTL_ENABLE_DEBUG_INFO = INCLUDE_SOURCE;
				MTL_FAST_MATH = YES;
				ONLY_ACTIVE_ARCH = YES;
				SDKROOT = iphoneos;
				SWIFT_ACTIVE_COMPILATION_CONDITIONS = "DEBUG $(inherited)";
				SWIFT_OPTIMIZATION_LEVEL = "-Onone";
			};
			name = Debug;
		};
		379CD6C32F1C137F00FA39A4 /* Release */ = {
			isa = XCBuildConfiguration;
			buildSettings = {
				ALWAYS_SEARCH_USER_PATHS = NO;
				ASSETCATALOG_COMPILER_GENERATE_SWIFT_ASSET_SYMBOL_EXTENSIONS = YES;
				CLANG_ANALYZER_NONNULL = YES;
				CLANG_ANALYZER_NUMBER_OBJECT_CONVERSION = YES_AGGRESSIVE;
				CLANG_CXX_LANGUAGE_STANDARD = "gnu++20";
				CLANG_ENABLE_MODULES = YES;
				CLANG_ENABLE_OBJC_ARC = YES;
				CLANG_ENABLE_OBJC_WEAK = YES;
				CLANG_WARN_BLOCK_CAPTURE_AUTORELEASING = YES;
				CLANG_WARN_BOOL_CONVERSION = YES;
				CLANG_WARN_COMMA = YES;
				CLANG_WARN_CONSTANT_CONVERSION = YES;
				CLANG_WARN_DEPRECATED_OBJC_IMPLEMENTATIONS = YES;
				CLANG_WARN_DIRECT_OBJC_ISA_USAGE = YES_ERROR;
				CLANG_WARN_DOCUMENTATION_COMMENTS = YES;
				CLANG_WARN_EMPTY_BODY = YES;
				CLANG_WARN_ENUM_CONVERSION = YES;
				CLANG_WARN_INFINITE_RECURSION = YES;
				CLANG_WARN_INT_CONVERSION = YES;
				CLANG_WARN_NON_LITERAL_NULL_CONVERSION = YES;
				CLANG_WARN_OBJC_IMPLICIT_RETAIN_SELF = YES;
				CLANG_WARN_OBJC_LITERAL_CONVERSION = YES;
				CLANG_WARN_OBJC_ROOT_CLASS = YES_ERROR;
				CLANG_WARN_QUOTED_INCLUDE_IN_FRAMEWORK_HEADER = YES;
				CLANG_WARN_RANGE_LOOP_ANALYSIS = YES;
				CLANG_WARN_STRICT_PROTOTYPES = YES;
				CLANG_WARN_SUSPICIOUS_MOVE = YES;
				CLANG_WARN_UNGUARDED_AVAILABILITY = YES_AGGRESSIVE;
				CLANG_WARN_UNREACHABLE_CODE = YES;
				CLANG_WARN__DUPLICATE_METHOD_MATCH = YES;
				COPY_PHASE_STRIP = NO;
				DEBUG_INFORMATION_FORMAT = "dwarf-with-dsym";
				DEVELOPMENT_TEAM = 9P9KHMPNFL;
				ENABLE_NS_ASSERTIONS = NO;
				ENABLE_STRICT_OBJC_MSGSEND = YES;
				ENABLE_USER_SCRIPT_SANDBOXING = YES;
				GCC_C_LANGUAGE_STANDARD = gnu17;
				GCC_NO_COMMON_BLOCKS = YES;
				GCC_WARN_64_TO_32_BIT_CONVERSION = YES;
				GCC_WARN_ABOUT_RETURN_TYPE = YES_ERROR;
				GCC_WARN_UNDECLARED_SELECTOR = YES;
				GCC_WARN_UNINITIALIZED_AUTOS = YES_AGGRESSIVE;
				GCC_WARN_UNUSED_FUNCTION = YES;
				GCC_WARN_UNUSED_VARIABLE = YES;
				IPHONEOS_DEPLOYMENT_TARGET = 26.2;
				LOCALIZATION_PREFERS_STRING_CATALOGS = YES;
				MTL_ENABLE_DEBUG_INFO = NO;
				MTL_FAST_MATH = YES;
				SDKROOT = iphoneos;
				SWIFT_COMPILATION_MODE = wholemodule;
				VALIDATE_PRODUCT = YES;
			};
			name = Release;
		};
		379CD6C52F1C137F00FA39A4 /* Debug */ = {
			isa = XCBuildConfiguration;
			buildSettings = {
				ASSETCATALOG_COMPILER_APPICON_NAME = AppIcon;
				ASSETCATALOG_COMPILER_GLOBAL_ACCENT_COLOR_NAME = AccentColor;
				CODE_SIGN_STYLE = Automatic;
				CURRENT_PROJECT_VERSION = 1;
				DEVELOPMENT_TEAM = 9P9KHMPNFL;
				ENABLE_PREVIEWS = YES;
				GENERATE_INFOPLIST_FILE = YES;
				INFOPLIST_KEY_UIApplicationSceneManifest_Generation = YES;
				INFOPLIST_KEY_UIApplicationSupportsIndirectInputEvents = YES;
				INFOPLIST_KEY_UILaunchScreen_Generation = YES;
				INFOPLIST_KEY_UISupportedInterfaceOrientations_iPad = "UIInterfaceOrientationPortrait UIInterfaceOrientationPortraitUpsideDown UIInterfaceOrientationLandscapeLeft UIInterfaceOrientationLandscapeRight";
				INFOPLIST_KEY_UISupportedInterfaceOrientations_iPhone = "UIInterfaceOrientationPortrait UIInterfaceOrientationLandscapeLeft UIInterfaceOrientationLandscapeRight";
				LD_RUNPATH_SEARCH_PATHS = (
					"$(inherited)",
					"@executable_path/Frameworks",
				);
				MARKETING_VERSION = 1.0;
				PRODUCT_BUNDLE_IDENTIFIER = com.strabala.BabySync;
				PRODUCT_NAME = "$(TARGET_NAME)";
				STRING_CATALOG_GENERATE_SYMBOLS = YES;
				SWIFT_APPROACHABLE_CONCURRENCY = YES;
				SWIFT_DEFAULT_ACTOR_ISOLATION = MainActor;
				SWIFT_EMIT_LOC_STRINGS = YES;
				SWIFT_UPCOMING_FEATURE_MEMBER_IMPORT_VISIBILITY = YES;
				SWIFT_VERSION = 5.0;
				TARGETED_DEVICE_FAMILY = "1,2";
			};
			name = Debug;
		};
		379CD6C62F1C137F00FA39A4 /* Release */ = {
			isa = XCBuildConfiguration;
			buildSettings = {
				ASSETCATALOG_COMPILER_APPICON_NAME = AppIcon;
				ASSETCATALOG_COMPILER_GLOBAL_ACCENT_COLOR_NAME = AccentColor;
				CODE_SIGN_STYLE = Automatic;
				CURRENT_PROJECT_VERSION = 1;
				DEVELOPMENT_TEAM = 9P9KHMPNFL;
				ENABLE_PREVIEWS = YES;
				GENERATE_INFOPLIST_FILE = YES;
				INFOPLIST_KEY_UIApplicationSceneManifest_Generation = YES;
				INFOPLIST_KEY_UIApplicationSupportsIndirectInputEvents = YES;
				INFOPLIST_KEY_UILaunchScreen_Generation = YES;
				INFOPLIST_KEY_UISupportedInterfaceOrientations_iPad = "UIInterfaceOrientationPortrait UIInterfaceOrientationPortraitUpsideDown UIInterfaceOrientationLandscapeLeft UIInterfaceOrientationLandscapeRight";
				INFOPLIST_KEY_UISupportedInterfaceOrientations_iPhone = "UIInterfaceOrientationPortrait UIInterfaceOrientationLandscapeLeft UIInterfaceOrientationLandscapeRight";
				LD_RUNPATH_SEARCH_PATHS = (
					"$(inherited)",
					"@executable_path/Frameworks",
				);
				MARKETING_VERSION = 1.0;
				PRODUCT_BUNDLE_IDENTIFIER = com.strabala.BabySync;
				PRODUCT_NAME = "$(TARGET_NAME)";
				STRING_CATALOG_GENERATE_SYMBOLS = YES;
				SWIFT_APPROACHABLE_CONCURRENCY = YES;
				SWIFT_DEFAULT_ACTOR_ISOLATION = MainActor;
				SWIFT_EMIT_LOC_STRINGS = YES;
				SWIFT_UPCOMING_FEATURE_MEMBER_IMPORT_VISIBILITY = YES;
				SWIFT_VERSION = 5.0;
				TARGETED_DEVICE_FAMILY = "1,2";
			};
			name = Release;
		};
		379CD6C82F1C137F00FA39A4 /* Debug */ = {
			isa = XCBuildConfiguration;
			buildSettings = {
				BUNDLE_LOADER = "$(TEST_HOST)";
				CODE_SIGN_STYLE = Automatic;
				CURRENT_PROJECT_VERSION = 1;
				DEVELOPMENT_TEAM = 9P9KHMPNFL;
				GENERATE_INFOPLIST_FILE = YES;
				IPHONEOS_DEPLOYMENT_TARGET = 26.2;
				MARKETING_VERSION = 1.0;
				PRODUCT_BUNDLE_IDENTIFIER = com.strabala.BabySyncTests;
				PRODUCT_NAME = "$(TARGET_NAME)";
				STRING_CATALOG_GENERATE_SYMBOLS = NO;
				SWIFT_APPROACHABLE_CONCURRENCY = YES;
				SWIFT_EMIT_LOC_STRINGS = NO;
				SWIFT_UPCOMING_FEATURE_MEMBER_IMPORT_VISIBILITY = YES;
				SWIFT_VERSION = 5.0;
				TARGETED_DEVICE_FAMILY = "1,2";
				TEST_HOST = "$(BUILT_PRODUCTS_DIR)/BabySync.app/$(BUNDLE_EXECUTABLE_FOLDER_PATH)/BabySync";
			};
			name = Debug;
		};
		379CD6C92F1C137F00FA39A4 /* Release */ = {
			isa = XCBuildConfiguration;
			buildSettings = {
				BUNDLE_LOADER = "$(TEST_HOST)";
				CODE_SIGN_STYLE = Automatic;
				CURRENT_PROJECT_VERSION = 1;
				DEVELOPMENT_TEAM = 9P9KHMPNFL;
				GENERATE_INFOPLIST_FILE = YES;
				IPHONEOS_DEPLOYMENT_TARGET = 26.2;
				MARKETING_VERSION = 1.0;
				PRODUCT_BUNDLE_IDENTIFIER = com.strabala.BabySyncTests;
				PRODUCT_NAME = "$(TARGET_NAME)";
				STRING_CATALOG_GENERATE_SYMBOLS = NO;
				SWIFT_APPROACHABLE_CONCURRENCY = YES;
				SWIFT_EMIT_LOC_STRINGS = NO;
				SWIFT_UPCOMING_FEATURE_MEMBER_IMPORT_VISIBILITY = YES;
				SWIFT_VERSION = 5.0;
				TARGETED_DEVICE_FAMILY = "1,2";
				TEST_HOST = "$(BUILT_PRODUCTS_DIR)/BabySync.app/$(BUNDLE_EXECUTABLE_FOLDER_PATH)/BabySync";
			};
			name = Release;
		};
		379CD6CB2F1C137F00FA39A4 /* Debug */ = {
			isa = XCBuildConfiguration;
			buildSettings = {
				CODE_SIGN_STYLE = Automatic;
				CURRENT_PROJECT_VERSION = 1;
				DEVELOPMENT_TEAM = 9P9KHMPNFL;
				GENERATE_INFOPLIST_FILE = YES;
				MARKETING_VERSION = 1.0;
				PRODUCT_BUNDLE_IDENTIFIER = com.strabala.BabySyncUITests;
				PRODUCT_NAME = "$(TARGET_NAME)";
				STRING_CATALOG_GENERATE_SYMBOLS = NO;
				SWIFT_APPROACHABLE_CONCURRENCY = YES;
				SWIFT_EMIT_LOC_STRINGS = NO;
				SWIFT_UPCOMING_FEATURE_MEMBER_IMPORT_VISIBILITY = YES;
				SWIFT_VERSION = 5.0;
				TARGETED_DEVICE_FAMILY = "1,2";
				TEST_TARGET_NAME = BabySync;
			};
			name = Debug;
		};
		379CD6CC2F1C137F00FA39A4 /* Release */ = {
			isa = XCBuildConfiguration;
			buildSettings = {
				CODE_SIGN_STYLE = Automatic;
				CURRENT_PROJECT_VERSION = 1;
				DEVELOPMENT_TEAM = 9P9KHMPNFL;
				GENERATE_INFOPLIST_FILE = YES;
				MARKETING_VERSION = 1.0;
				PRODUCT_BUNDLE_IDENTIFIER = com.strabala.BabySyncUITests;
				PRODUCT_NAME = "$(TARGET_NAME)";
				STRING_CATALOG_GENERATE_SYMBOLS = NO;
				SWIFT_APPROACHABLE_CONCURRENCY = YES;
				SWIFT_EMIT_LOC_STRINGS = NO;
				SWIFT_UPCOMING_FEATURE_MEMBER_IMPORT_VISIBILITY = YES;
				SWIFT_VERSION = 5.0;
				TARGETED_DEVICE_FAMILY = "1,2";
				TEST_TARGET_NAME = BabySync;
			};
			name = Release;
		};
/* End XCBuildConfiguration section */

/* Begin XCConfigurationList section */
		379CD69E2F1C137D00FA39A4 /* Build configuration list for PBXProject "BabySync" */ = {
			isa = XCConfigurationList;
			buildConfigurations = (
				379CD6C22F1C137F00FA39A4 /* Debug */,
				379CD6C32F1C137F00FA39A4 /* Release */,
			);
			defaultConfigurationIsVisible = 0;
			defaultConfigurationName = Release;
		};
		379CD6C42F1C137F00FA39A4 /* Build configuration list for PBXNativeTarget "BabySync" */ = {
			isa = XCConfigurationList;
			buildConfigurations = (
				379CD6C52F1C137F00FA39A4 /* Debug */,
				379CD6C62F1C137F00FA39A4 /* Release */,
			);
			defaultConfigurationIsVisible = 0;
			defaultConfigurationName = Release;
		};
		379CD6C72F1C137F00FA39A4 /* Build configuration list for PBXNativeTarget "BabySyncTests" */ = {
			isa = XCConfigurationList;
			buildConfigurations = (
				379CD6C82F1C137F00FA39A4 /* Debug */,
				379CD6C92F1C137F00FA39A4 /* Release */,
			);
			defaultConfigurationIsVisible = 0;
			defaultConfigurationName = Release;
		};
		379CD6CA2F1C137F00FA39A4 /* Build configuration list for PBXNativeTarget "BabySyncUITests" */ = {
			isa = XCConfigurationList;
			buildConfigurations = (
				379CD6CB2F1C137F00FA39A4 /* Debug */,
				379CD6CC2F1C137F00FA39A4 /* Release */,
			);
			defaultConfigurationIsVisible = 0;
			defaultConfigurationName = Release;
		};
/* End XCConfigurationList section */

/* Begin XCRemoteSwiftPackageReference section */
		379CD7472F1C9D9C00FA39A4 /* XCRemoteSwiftPackageReference "firebase-ios-sdk" */ = {
			isa = XCRemoteSwiftPackageReference;
			repositoryURL = "https://github.com/firebase/firebase-ios-sdk";
			requirement = {
				kind = upToNextMajorVersion;
				minimumVersion = 12.8.0;
			};
		};
/* End XCRemoteSwiftPackageReference section */

/* Begin XCSwiftPackageProductDependency section */
		379CD7482F1C9D9C00FA39A4 /* FirebaseAnalytics */ = {
			isa = XCSwiftPackageProductDependency;
			package = 379CD7472F1C9D9C00FA39A4 /* XCRemoteSwiftPackageReference "firebase-ios-sdk" */;
			productName = FirebaseAnalytics;
		};
		379CD74A2F1C9D9C00FA39A4 /* FirebaseAuth */ = {
			isa = XCSwiftPackageProductDependency;
			package = 379CD7472F1C9D9C00FA39A4 /* XCRemoteSwiftPackageReference "firebase-ios-sdk" */;
			productName = FirebaseAuth;
		};
		379CD74C2F1C9D9C00FA39A4 /* FirebaseCrashlytics */ = {
			isa = XCSwiftPackageProductDependency;
			package = 379CD7472F1C9D9C00FA39A4 /* XCRemoteSwiftPackageReference "firebase-ios-sdk" */;
			productName = FirebaseCrashlytics;
		};
		379CD74E2F1C9D9C00FA39A4 /* FirebaseFirestore */ = {
			isa = XCSwiftPackageProductDependency;
			package = 379CD7472F1C9D9C00FA39A4 /* XCRemoteSwiftPackageReference "firebase-ios-sdk" */;
			productName = FirebaseFirestore;
		};
		379CD7502F1C9D9C00FA39A4 /* FirebaseMessaging */ = {
			isa = XCSwiftPackageProductDependency;
			package = 379CD7472F1C9D9C00FA39A4 /* XCRemoteSwiftPackageReference "firebase-ios-sdk" */;
			productName = FirebaseMessaging;
		};
		379CD7522F1C9D9C00FA39A4 /* FirebaseStorage */ = {
			isa = XCSwiftPackageProductDependency;
			package = 379CD7472F1C9D9C00FA39A4 /* XCRemoteSwiftPackageReference "firebase-ios-sdk" */;
			productName = FirebaseStorage;
		};
/* End XCSwiftPackageProductDependency section */
	};
	rootObject = 379CD69B2F1C137D00FA39A4 /* Project object */;
}
